// !$*UTF8*$!
{
	archiveVersion = 1;
	classes = {
	};
	objectVersion = 46;
	objects = {

/* Begin PBXBuildFile section */
		422855E91503762A00EB52DE /* KualuPumpur.plist in Resources */ = {isa = PBXBuildFile; fileRef = 422855E71503762A00EB52DE /* KualuPumpur.plist */; };
		422855EA1503762A00EB52DE /* Paris.plist in Resources */ = {isa = PBXBuildFile; fileRef = 422855E81503762A00EB52DE /* Paris.plist */; };
		422855ED1503765B00EB52DE /* PulauPinong.plist in Resources */ = {isa = PBXBuildFile; fileRef = 422855EC1503765B00EB52DE /* PulauPinong.plist */; };
		4279DA481501E3CE00E603C6 /* UIKit.framework in Frameworks */ = {isa = PBXBuildFile; fileRef = 4279DA471501E3CE00E603C6 /* UIKit.framework */; };
		4279DA4A1501E3CE00E603C6 /* Foundation.framework in Frameworks */ = {isa = PBXBuildFile; fileRef = 4279DA491501E3CE00E603C6 /* Foundation.framework */; };
		4279DA4C1501E3CE00E603C6 /* CoreGraphics.framework in Frameworks */ = {isa = PBXBuildFile; fileRef = 4279DA4B1501E3CE00E603C6 /* CoreGraphics.framework */; };
		4279DA521501E3CE00E603C6 /* InfoPlist.strings in Resources */ = {isa = PBXBuildFile; fileRef = 4279DA501501E3CE00E603C6 /* InfoPlist.strings */; };
		4279DA541501E3CE00E603C6 /* main.m in Sources */ = {isa = PBXBuildFile; fileRef = 4279DA531501E3CE00E603C6 /* main.m */; };
		4279DA581501E3CE00E603C6 /* AppDelegate.m in Sources */ = {isa = PBXBuildFile; fileRef = 4279DA571501E3CE00E603C6 /* AppDelegate.m */; };
		4279DA5D1501E3CE00E603C6 /* first.png in Resources */ = {isa = PBXBuildFile; fileRef = 4279DA5C1501E3CE00E603C6 /* first.png */; };
		4279DA5F1501E3CE00E603C6 /* first@2x.png in Resources */ = {isa = PBXBuildFile; fileRef = 4279DA5E1501E3CE00E603C6 /* first@2x.png */; };
		4279DA621501E3CE00E603C6 /* SecondViewController.m in Sources */ = {isa = PBXBuildFile; fileRef = 4279DA611501E3CE00E603C6 /* SecondViewController.m */; };
		4279DA641501E3CE00E603C6 /* second.png in Resources */ = {isa = PBXBuildFile; fileRef = 4279DA631501E3CE00E603C6 /* second.png */; };
		4279DA661501E3CE00E603C6 /* second@2x.png in Resources */ = {isa = PBXBuildFile; fileRef = 4279DA651501E3CE00E603C6 /* second@2x.png */; };
		4279DA691501E3CE00E603C6 /* TradeViewController.xib in Resources */ = {isa = PBXBuildFile; fileRef = 4279DA671501E3CE00E603C6 /* TradeViewController.xib */; };
		4279DA6C1501E3CE00E603C6 /* SecondViewController.xib in Resources */ = {isa = PBXBuildFile; fileRef = 4279DA6A1501E3CE00E603C6 /* SecondViewController.xib */; };
		C4050CE415034351007DEF69 /* SanPan.plist in Resources */ = {isa = PBXBuildFile; fileRef = C4050CE315034351007DEF69 /* SanPan.plist */; };
		C4352A981502FD4300FC1A69 /* TradeManager.m in Sources */ = {isa = PBXBuildFile; fileRef = C4352A971502FD4300FC1A69 /* TradeManager.m */; };
		C4352AA21502FF5F00FC1A69 /* PlayerPort.m in Sources */ = {isa = PBXBuildFile; fileRef = C4352AA11502FF5F00FC1A69 /* PlayerPort.m */; };
		C4352AA51503000700FC1A69 /* PriceTable.m in Sources */ = {isa = PBXBuildFile; fileRef = C4352AA41503000700FC1A69 /* PriceTable.m */; };
		C4352AA815030F5D00FC1A69 /* Ponghai.plist in Resources */ = {isa = PBXBuildFile; fileRef = C4352AA715030F5D00FC1A69 /* Ponghai.plist */; };
		C4352AAB150315C500FC1A69 /* GameManager.m in Sources */ = {isa = PBXBuildFile; fileRef = C4352AAA150315C500FC1A69 /* GameManager.m */; };
		C4352AAE1503189200FC1A69 /* TradePorts.m in Sources */ = {isa = PBXBuildFile; fileRef = C4352AAD1503189200FC1A69 /* TradePorts.m */; };
		C43F95041502EF1400D4E757 /* TradeViewController.m in Sources */ = {isa = PBXBuildFile; fileRef = C43F95031502EF1400D4E757 /* TradeViewController.m */; };
		C43F95081502F12D00D4E757 /* TradeMain.m in Sources */ = {isa = PBXBuildFile; fileRef = C43F95061502F12D00D4E757 /* TradeMain.m */; };
		C43F95091502F12D00D4E757 /* TradeMain.xib in Resources */ = {isa = PBXBuildFile; fileRef = C43F95071502F12D00D4E757 /* TradeMain.xib */; };
/* End PBXBuildFile section */

/* Begin PBXFileReference section */
		422855E71503762A00EB52DE /* KualuPumpur.plist */ = {isa = PBXFileReference; fileEncoding = 4; lastKnownFileType = text.plist.xml; name = KualuPumpur.plist; path = resources/KualuPumpur.plist; sourceTree = "<group>"; };
		422855E81503762A00EB52DE /* Paris.plist */ = {isa = PBXFileReference; fileEncoding = 4; lastKnownFileType = text.plist.xml; name = Paris.plist; path = resources/Paris.plist; sourceTree = "<group>"; };
		422855EC1503765B00EB52DE /* PulauPinong.plist */ = {isa = PBXFileReference; fileEncoding = 4; lastKnownFileType = text.plist.xml; name = PulauPinong.plist; path = resources/PulauPinong.plist; sourceTree = "<group>"; };
		4279DA431501E3CE00E603C6 /* traderpog.app */ = {isa = PBXFileReference; explicitFileType = wrapper.application; includeInIndex = 0; path = traderpog.app; sourceTree = BUILT_PRODUCTS_DIR; };
		4279DA471501E3CE00E603C6 /* UIKit.framework */ = {isa = PBXFileReference; lastKnownFileType = wrapper.framework; name = UIKit.framework; path = System/Library/Frameworks/UIKit.framework; sourceTree = SDKROOT; };
		4279DA491501E3CE00E603C6 /* Foundation.framework */ = {isa = PBXFileReference; lastKnownFileType = wrapper.framework; name = Foundation.framework; path = System/Library/Frameworks/Foundation.framework; sourceTree = SDKROOT; };
		4279DA4B1501E3CE00E603C6 /* CoreGraphics.framework */ = {isa = PBXFileReference; lastKnownFileType = wrapper.framework; name = CoreGraphics.framework; path = System/Library/Frameworks/CoreGraphics.framework; sourceTree = SDKROOT; };
		4279DA4F1501E3CE00E603C6 /* traderpog-Info.plist */ = {isa = PBXFileReference; lastKnownFileType = text.plist.xml; path = "traderpog-Info.plist"; sourceTree = "<group>"; };
		4279DA511501E3CE00E603C6 /* en */ = {isa = PBXFileReference; lastKnownFileType = text.plist.strings; name = en; path = en.lproj/InfoPlist.strings; sourceTree = "<group>"; };
		4279DA531501E3CE00E603C6 /* main.m */ = {isa = PBXFileReference; lastKnownFileType = sourcecode.c.objc; path = main.m; sourceTree = "<group>"; };
		4279DA551501E3CE00E603C6 /* traderpog-Prefix.pch */ = {isa = PBXFileReference; lastKnownFileType = sourcecode.c.h; path = "traderpog-Prefix.pch"; sourceTree = "<group>"; };
		4279DA561501E3CE00E603C6 /* AppDelegate.h */ = {isa = PBXFileReference; lastKnownFileType = sourcecode.c.h; path = AppDelegate.h; sourceTree = "<group>"; };
		4279DA571501E3CE00E603C6 /* AppDelegate.m */ = {isa = PBXFileReference; lastKnownFileType = sourcecode.c.objc; path = AppDelegate.m; sourceTree = "<group>"; };
		4279DA5C1501E3CE00E603C6 /* first.png */ = {isa = PBXFileReference; lastKnownFileType = image.png; path = first.png; sourceTree = "<group>"; };
		4279DA5E1501E3CE00E603C6 /* first@2x.png */ = {isa = PBXFileReference; lastKnownFileType = image.png; path = "first@2x.png"; sourceTree = "<group>"; };
		4279DA601501E3CE00E603C6 /* SecondViewController.h */ = {isa = PBXFileReference; lastKnownFileType = sourcecode.c.h; path = SecondViewController.h; sourceTree = "<group>"; };
		4279DA611501E3CE00E603C6 /* SecondViewController.m */ = {isa = PBXFileReference; lastKnownFileType = sourcecode.c.objc; path = SecondViewController.m; sourceTree = "<group>"; };
		4279DA631501E3CE00E603C6 /* second.png */ = {isa = PBXFileReference; lastKnownFileType = image.png; path = second.png; sourceTree = "<group>"; };
		4279DA651501E3CE00E603C6 /* second@2x.png */ = {isa = PBXFileReference; lastKnownFileType = image.png; path = "second@2x.png"; sourceTree = "<group>"; };
		4279DA681501E3CE00E603C6 /* en */ = {isa = PBXFileReference; lastKnownFileType = file.xib; name = en; path = en.lproj/TradeViewController.xib; sourceTree = "<group>"; };
		4279DA6B1501E3CE00E603C6 /* en */ = {isa = PBXFileReference; lastKnownFileType = file.xib; name = en; path = en.lproj/SecondViewController.xib; sourceTree = "<group>"; };
		C4050CE315034351007DEF69 /* SanPan.plist */ = {isa = PBXFileReference; fileEncoding = 4; lastKnownFileType = text.plist.xml; name = SanPan.plist; path = resources/SanPan.plist; sourceTree = "<group>"; };
		C4352A961502FD4300FC1A69 /* TradeManager.h */ = {isa = PBXFileReference; fileEncoding = 4; lastKnownFileType = sourcecode.c.h; path = TradeManager.h; sourceTree = "<group>"; };
		C4352A971502FD4300FC1A69 /* TradeManager.m */ = {isa = PBXFileReference; fileEncoding = 4; lastKnownFileType = sourcecode.c.objc; path = TradeManager.m; sourceTree = "<group>"; };
		C4352AA01502FF5F00FC1A69 /* PlayerPort.h */ = {isa = PBXFileReference; fileEncoding = 4; lastKnownFileType = sourcecode.c.h; path = PlayerPort.h; sourceTree = "<group>"; };
		C4352AA11502FF5F00FC1A69 /* PlayerPort.m */ = {isa = PBXFileReference; fileEncoding = 4; lastKnownFileType = sourcecode.c.objc; path = PlayerPort.m; sourceTree = "<group>"; };
		C4352AA31503000700FC1A69 /* PriceTable.h */ = {isa = PBXFileReference; fileEncoding = 4; lastKnownFileType = sourcecode.c.h; path = PriceTable.h; sourceTree = "<group>"; };
		C4352AA41503000700FC1A69 /* PriceTable.m */ = {isa = PBXFileReference; fileEncoding = 4; lastKnownFileType = sourcecode.c.objc; path = PriceTable.m; sourceTree = "<group>"; };
		C4352AA715030F5D00FC1A69 /* Ponghai.plist */ = {isa = PBXFileReference; fileEncoding = 4; lastKnownFileType = text.plist.xml; name = Ponghai.plist; path = resources/Ponghai.plist; sourceTree = "<group>"; };
		C4352AA9150315C500FC1A69 /* GameManager.h */ = {isa = PBXFileReference; fileEncoding = 4; lastKnownFileType = sourcecode.c.h; path = GameManager.h; sourceTree = "<group>"; };
		C4352AAA150315C500FC1A69 /* GameManager.m */ = {isa = PBXFileReference; fileEncoding = 4; lastKnownFileType = sourcecode.c.objc; path = GameManager.m; sourceTree = "<group>"; };
		C4352AAC1503189200FC1A69 /* TradePorts.h */ = {isa = PBXFileReference; fileEncoding = 4; lastKnownFileType = sourcecode.c.h; path = TradePorts.h; sourceTree = "<group>"; };
		C4352AAD1503189200FC1A69 /* TradePorts.m */ = {isa = PBXFileReference; fileEncoding = 4; lastKnownFileType = sourcecode.c.objc; path = TradePorts.m; sourceTree = "<group>"; };
		C43F95021502EF1400D4E757 /* TradeViewController.h */ = {isa = PBXFileReference; fileEncoding = 4; lastKnownFileType = sourcecode.c.h; path = TradeViewController.h; sourceTree = "<group>"; };
		C43F95031502EF1400D4E757 /* TradeViewController.m */ = {isa = PBXFileReference; fileEncoding = 4; lastKnownFileType = sourcecode.c.objc; path = TradeViewController.m; sourceTree = "<group>"; };
		C43F95051502F12D00D4E757 /* TradeMain.h */ = {isa = PBXFileReference; fileEncoding = 4; lastKnownFileType = sourcecode.c.h; path = TradeMain.h; sourceTree = "<group>"; };
		C43F95061502F12D00D4E757 /* TradeMain.m */ = {isa = PBXFileReference; fileEncoding = 4; lastKnownFileType = sourcecode.c.objc; path = TradeMain.m; sourceTree = "<group>"; };
		C43F95071502F12D00D4E757 /* TradeMain.xib */ = {isa = PBXFileReference; fileEncoding = 4; lastKnownFileType = file.xib; path = TradeMain.xib; sourceTree = "<group>"; };
/* End PBXFileReference section */

/* Begin PBXFrameworksBuildPhase section */
		4279DA401501E3CE00E603C6 /* Frameworks */ = {
			isa = PBXFrameworksBuildPhase;
			buildActionMask = 2147483647;
			files = (
				4279DA481501E3CE00E603C6 /* UIKit.framework in Frameworks */,
				4279DA4A1501E3CE00E603C6 /* Foundation.framework in Frameworks */,
				4279DA4C1501E3CE00E603C6 /* CoreGraphics.framework in Frameworks */,
			);
			runOnlyForDeploymentPostprocessing = 0;
		};
/* End PBXFrameworksBuildPhase section */

/* Begin PBXGroup section */
		4279DA381501E3CD00E603C6 = {
			isa = PBXGroup;
			children = (
				4279DA4D1501E3CE00E603C6 /* traderpog */,
				C4352AA615030EB200FC1A69 /* Resources */,
				4279DA461501E3CE00E603C6 /* Frameworks */,
				4279DA441501E3CE00E603C6 /* Products */,
			);
			sourceTree = "<group>";
		};
		4279DA441501E3CE00E603C6 /* Products */ = {
			isa = PBXGroup;
			children = (
				4279DA431501E3CE00E603C6 /* traderpog.app */,
			);
			name = Products;
			sourceTree = "<group>";
		};
		4279DA461501E3CE00E603C6 /* Frameworks */ = {
			isa = PBXGroup;
			children = (
				4279DA471501E3CE00E603C6 /* UIKit.framework */,
				4279DA491501E3CE00E603C6 /* Foundation.framework */,
				4279DA4B1501E3CE00E603C6 /* CoreGraphics.framework */,
			);
			name = Frameworks;
			sourceTree = "<group>";
		};
		4279DA4D1501E3CE00E603C6 /* traderpog */ = {
			isa = PBXGroup;
			children = (
				C4352A941502F4C700FC1A69 /* game */,
				4279DA561501E3CE00E603C6 /* AppDelegate.h */,
				4279DA571501E3CE00E603C6 /* AppDelegate.m */,
				C43F95021502EF1400D4E757 /* TradeViewController.h */,
				C43F95031502EF1400D4E757 /* TradeViewController.m */,
				4279DA671501E3CE00E603C6 /* TradeViewController.xib */,
				C43F95051502F12D00D4E757 /* TradeMain.h */,
				C43F95061502F12D00D4E757 /* TradeMain.m */,
				C43F95071502F12D00D4E757 /* TradeMain.xib */,
				4279DA5C1501E3CE00E603C6 /* first.png */,
				4279DA5E1501E3CE00E603C6 /* first@2x.png */,
				4279DA601501E3CE00E603C6 /* SecondViewController.h */,
				4279DA611501E3CE00E603C6 /* SecondViewController.m */,
				4279DA631501E3CE00E603C6 /* second.png */,
				4279DA651501E3CE00E603C6 /* second@2x.png */,
				4279DA6A1501E3CE00E603C6 /* SecondViewController.xib */,
				4279DA4E1501E3CE00E603C6 /* Supporting Files */,
			);
			path = traderpog;
			sourceTree = "<group>";
		};
		4279DA4E1501E3CE00E603C6 /* Supporting Files */ = {
			isa = PBXGroup;
			children = (
				4279DA4F1501E3CE00E603C6 /* traderpog-Info.plist */,
				4279DA501501E3CE00E603C6 /* InfoPlist.strings */,
				4279DA531501E3CE00E603C6 /* main.m */,
				4279DA551501E3CE00E603C6 /* traderpog-Prefix.pch */,
			);
			name = "Supporting Files";
			sourceTree = "<group>";
		};
		C4352A941502F4C700FC1A69 /* game */ = {
			isa = PBXGroup;
			children = (
				C4352A961502FD4300FC1A69 /* TradeManager.h */,
				C4352A971502FD4300FC1A69 /* TradeManager.m */,
				C4352AA9150315C500FC1A69 /* GameManager.h */,
				C4352AAA150315C500FC1A69 /* GameManager.m */,
				C4352AA01502FF5F00FC1A69 /* PlayerPort.h */,
				C4352AA11502FF5F00FC1A69 /* PlayerPort.m */,
				C4352AA31503000700FC1A69 /* PriceTable.h */,
				C4352AA41503000700FC1A69 /* PriceTable.m */,
				C4352AAC1503189200FC1A69 /* TradePorts.h */,
				C4352AAD1503189200FC1A69 /* TradePorts.m */,
			);
			name = game;
			sourceTree = "<group>";
		};
		C4352AA615030EB200FC1A69 /* Resources */ = {
			isa = PBXGroup;
			children = (
				422855EC1503765B00EB52DE /* PulauPinong.plist */,
				422855E71503762A00EB52DE /* KualuPumpur.plist */,
				422855E81503762A00EB52DE /* Paris.plist */,
				C4050CE315034351007DEF69 /* SanPan.plist */,
				C4352AA715030F5D00FC1A69 /* Ponghai.plist */,
			);
			name = Resources;
			path = traderpog;
			sourceTree = "<group>";
		};
/* End PBXGroup section */

/* Begin PBXNativeTarget section */
		4279DA421501E3CE00E603C6 /* traderpog */ = {
			isa = PBXNativeTarget;
			buildConfigurationList = 4279DA6F1501E3CE00E603C6 /* Build configuration list for PBXNativeTarget "traderpog" */;
			buildPhases = (
				4279DA3F1501E3CE00E603C6 /* Sources */,
				4279DA401501E3CE00E603C6 /* Frameworks */,
				4279DA411501E3CE00E603C6 /* Resources */,
			);
			buildRules = (
			);
			dependencies = (
			);
			name = traderpog;
			productName = traderpog;
			productReference = 4279DA431501E3CE00E603C6 /* traderpog.app */;
			productType = "com.apple.product-type.application";
		};
/* End PBXNativeTarget section */

/* Begin PBXProject section */
		4279DA3A1501E3CD00E603C6 /* Project object */ = {
			isa = PBXProject;
			attributes = {
				LastUpgradeCheck = 0420;
				ORGANIZATIONNAME = GeoloPigs;
			};
			buildConfigurationList = 4279DA3D1501E3CD00E603C6 /* Build configuration list for PBXProject "traderpog" */;
			compatibilityVersion = "Xcode 3.2";
			developmentRegion = English;
			hasScannedForEncodings = 0;
			knownRegions = (
				en,
			);
			mainGroup = 4279DA381501E3CD00E603C6;
			productRefGroup = 4279DA441501E3CE00E603C6 /* Products */;
			projectDirPath = "";
			projectRoot = "";
			targets = (
				4279DA421501E3CE00E603C6 /* traderpog */,
			);
		};
/* End PBXProject section */

/* Begin PBXResourcesBuildPhase section */
		4279DA411501E3CE00E603C6 /* Resources */ = {
			isa = PBXResourcesBuildPhase;
			buildActionMask = 2147483647;
			files = (
				4279DA521501E3CE00E603C6 /* InfoPlist.strings in Resources */,
				4279DA5D1501E3CE00E603C6 /* first.png in Resources */,
				4279DA5F1501E3CE00E603C6 /* first@2x.png in Resources */,
				4279DA641501E3CE00E603C6 /* second.png in Resources */,
				4279DA661501E3CE00E603C6 /* second@2x.png in Resources */,
				4279DA691501E3CE00E603C6 /* TradeViewController.xib in Resources */,
				4279DA6C1501E3CE00E603C6 /* SecondViewController.xib in Resources */,
				C43F95091502F12D00D4E757 /* TradeMain.xib in Resources */,
				C4352AA815030F5D00FC1A69 /* Ponghai.plist in Resources */,
				C4050CE415034351007DEF69 /* SanPan.plist in Resources */,
				422855E91503762A00EB52DE /* KualuPumpur.plist in Resources */,
				422855EA1503762A00EB52DE /* Paris.plist in Resources */,
				422855ED1503765B00EB52DE /* PulauPinong.plist in Resources */,
			);
			runOnlyForDeploymentPostprocessing = 0;
		};
/* End PBXResourcesBuildPhase section */

/* Begin PBXSourcesBuildPhase section */
		4279DA3F1501E3CE00E603C6 /* Sources */ = {
			isa = PBXSourcesBuildPhase;
			buildActionMask = 2147483647;
			files = (
				4279DA541501E3CE00E603C6 /* main.m in Sources */,
				4279DA581501E3CE00E603C6 /* AppDelegate.m in Sources */,
				4279DA621501E3CE00E603C6 /* SecondViewController.m in Sources */,
				C43F95041502EF1400D4E757 /* TradeViewController.m in Sources */,
				C43F95081502F12D00D4E757 /* TradeMain.m in Sources */,
				C4352A981502FD4300FC1A69 /* TradeManager.m in Sources */,
				C4352AA21502FF5F00FC1A69 /* PlayerPort.m in Sources */,
				C4352AA51503000700FC1A69 /* PriceTable.m in Sources */,
				C4352AAB150315C500FC1A69 /* GameManager.m in Sources */,
				C4352AAE1503189200FC1A69 /* TradePorts.m in Sources */,
			);
			runOnlyForDeploymentPostprocessing = 0;
		};
/* End PBXSourcesBuildPhase section */

/* Begin PBXVariantGroup section */
		4279DA501501E3CE00E603C6 /* InfoPlist.strings */ = {
			isa = PBXVariantGroup;
			children = (
				4279DA511501E3CE00E603C6 /* en */,
			);
			name = InfoPlist.strings;
			sourceTree = "<group>";
		};
		4279DA671501E3CE00E603C6 /* TradeViewController.xib */ = {
			isa = PBXVariantGroup;
			children = (
				4279DA681501E3CE00E603C6 /* en */,
			);
			name = TradeViewController.xib;
			sourceTree = "<group>";
		};
		4279DA6A1501E3CE00E603C6 /* SecondViewController.xib */ = {
			isa = PBXVariantGroup;
			children = (
				4279DA6B1501E3CE00E603C6 /* en */,
			);
			name = SecondViewController.xib;
			sourceTree = "<group>";
		};
/* End PBXVariantGroup section */

/* Begin XCBuildConfiguration section */
		4279DA6D1501E3CE00E603C6 /* Debug */ = {
			isa = XCBuildConfiguration;
			buildSettings = {
				ALWAYS_SEARCH_USER_PATHS = NO;
				ARCHS = "$(ARCHS_STANDARD_32_BIT)";
				CLANG_ENABLE_OBJC_ARC = NO;
				"CODE_SIGN_IDENTITY[sdk=iphoneos*]" = "iPhone Developer";
				COPY_PHASE_STRIP = NO;
				GCC_C_LANGUAGE_STANDARD = gnu99;
				GCC_DYNAMIC_NO_PIC = NO;
				GCC_OPTIMIZATION_LEVEL = 0;
				GCC_PREPROCESSOR_DEFINITIONS = (
					"DEBUG=1",
					"$(inherited)",
				);
				GCC_SYMBOLS_PRIVATE_EXTERN = NO;
				GCC_VERSION = com.apple.compilers.llvm.clang.1_0;
				GCC_WARN_ABOUT_MISSING_PROTOTYPES = YES;
				GCC_WARN_ABOUT_RETURN_TYPE = YES;
				GCC_WARN_UNUSED_VARIABLE = YES;
				IPHONEOS_DEPLOYMENT_TARGET = 4.3;
				SDKROOT = iphoneos;
			};
			name = Debug;
		};
		4279DA6E1501E3CE00E603C6 /* Release */ = {
			isa = XCBuildConfiguration;
			buildSettings = {
				ALWAYS_SEARCH_USER_PATHS = NO;
				ARCHS = "$(ARCHS_STANDARD_32_BIT)";
				CLANG_ENABLE_OBJC_ARC = NO;
				"CODE_SIGN_IDENTITY[sdk=iphoneos*]" = "iPhone Developer";
				COPY_PHASE_STRIP = YES;
				GCC_C_LANGUAGE_STANDARD = gnu99;
				GCC_VERSION = com.apple.compilers.llvm.clang.1_0;
				GCC_WARN_ABOUT_MISSING_PROTOTYPES = YES;
				GCC_WARN_ABOUT_RETURN_TYPE = YES;
				GCC_WARN_UNUSED_VARIABLE = YES;
				IPHONEOS_DEPLOYMENT_TARGET = 4.3;
				OTHER_CFLAGS = "-DNS_BLOCK_ASSERTIONS=1";
				SDKROOT = iphoneos;
				VALIDATE_PRODUCT = YES;
			};
			name = Release;
		};
		4279DA701501E3CE00E603C6 /* Debug */ = {
			isa = XCBuildConfiguration;
			buildSettings = {
				CLANG_ENABLE_OBJC_ARC = NO;
				GCC_PRECOMPILE_PREFIX_HEADER = YES;
				GCC_PREFIX_HEADER = "traderpog/traderpog-Prefix.pch";
				INFOPLIST_FILE = "traderpog/traderpog-Info.plist";
				PRODUCT_NAME = "$(TARGET_NAME)";
				WRAPPER_EXTENSION = app;
			};
			name = Debug;
		};
		4279DA711501E3CE00E603C6 /* Release */ = {
			isa = XCBuildConfiguration;
			buildSettings = {
				CLANG_ENABLE_OBJC_ARC = NO;
				GCC_PRECOMPILE_PREFIX_HEADER = YES;
				GCC_PREFIX_HEADER = "traderpog/traderpog-Prefix.pch";
				INFOPLIST_FILE = "traderpog/traderpog-Info.plist";
				PRODUCT_NAME = "$(TARGET_NAME)";
				WRAPPER_EXTENSION = app;
			};
			name = Release;
		};
/* End XCBuildConfiguration section */

/* Begin XCConfigurationList section */
		4279DA3D1501E3CD00E603C6 /* Build configuration list for PBXProject "traderpog" */ = {
			isa = XCConfigurationList;
			buildConfigurations = (
				4279DA6D1501E3CE00E603C6 /* Debug */,
				4279DA6E1501E3CE00E603C6 /* Release */,
			);
			defaultConfigurationIsVisible = 0;
			defaultConfigurationName = Release;
		};
		4279DA6F1501E3CE00E603C6 /* Build configuration list for PBXNativeTarget "traderpog" */ = {
			isa = XCConfigurationList;
			buildConfigurations = (
				4279DA701501E3CE00E603C6 /* Debug */,
				4279DA711501E3CE00E603C6 /* Release */,
			);
			defaultConfigurationIsVisible = 0;
			defaultConfigurationName = Release;
		};
/* End XCConfigurationList section */
	};
	rootObject = 4279DA3A1501E3CD00E603C6 /* Project object */;
}
